// !$*UTF8*$!
{
	archiveVersion = 1;
	classes = {
	};
	objectVersion = 55;
	objects = {

/* Begin PBXBuildFile section */
		3C280001291D976B009D8C73 /* TableViewControllerFotos.swift in Sources */ = {isa = PBXBuildFile; fileRef = 3C280000291D976B009D8C73 /* TableViewControllerFotos.swift */; };
		3C63CA5429145F4800F3B654 /* AppDelegate.swift in Sources */ = {isa = PBXBuildFile; fileRef = 3C63CA5329145F4800F3B654 /* AppDelegate.swift */; };
		3C63CA5629145F4800F3B654 /* SceneDelegate.swift in Sources */ = {isa = PBXBuildFile; fileRef = 3C63CA5529145F4800F3B654 /* SceneDelegate.swift */; };
		3C63CA5829145F4800F3B654 /* ViewController.swift in Sources */ = {isa = PBXBuildFile; fileRef = 3C63CA5729145F4800F3B654 /* ViewController.swift */; };
		3C63CA5B29145F4800F3B654 /* Main.storyboard in Resources */ = {isa = PBXBuildFile; fileRef = 3C63CA5929145F4800F3B654 /* Main.storyboard */; };
		3C63CA5D29145F4C00F3B654 /* Assets.xcassets in Resources */ = {isa = PBXBuildFile; fileRef = 3C63CA5C29145F4C00F3B654 /* Assets.xcassets */; };
		3C63CA6029145F4C00F3B654 /* LaunchScreen.storyboard in Resources */ = {isa = PBXBuildFile; fileRef = 3C63CA5E29145F4C00F3B654 /* LaunchScreen.storyboard */; };
		3CF6F4B329257A86008C5C85 /* TableViewCell.swift in Sources */ = {isa = PBXBuildFile; fileRef = 3CF6F4B229257A86008C5C85 /* TableViewCell.swift */; };
/* End PBXBuildFile section */

/* Begin PBXFileReference section */
		3C280000291D976B009D8C73 /* TableViewControllerFotos.swift */ = {isa = PBXFileReference; lastKnownFileType = sourcecode.swift; path = TableViewControllerFotos.swift; sourceTree = "<group>"; };
		3C63CA5029145F4800F3B654 /* Proyecto Swift Sebas.app */ = {isa = PBXFileReference; explicitFileType = wrapper.application; includeInIndex = 0; path = "Proyecto Swift Sebas.app"; sourceTree = BUILT_PRODUCTS_DIR; };
		3C63CA5329145F4800F3B654 /* AppDelegate.swift */ = {isa = PBXFileReference; lastKnownFileType = sourcecode.swift; path = AppDelegate.swift; sourceTree = "<group>"; };
		3C63CA5529145F4800F3B654 /* SceneDelegate.swift */ = {isa = PBXFileReference; lastKnownFileType = sourcecode.swift; path = SceneDelegate.swift; sourceTree = "<group>"; };
		3C63CA5729145F4800F3B654 /* ViewController.swift */ = {isa = PBXFileReference; lastKnownFileType = sourcecode.swift; path = ViewController.swift; sourceTree = "<group>"; };
		3C63CA5A29145F4800F3B654 /* Base */ = {isa = PBXFileReference; lastKnownFileType = file.storyboard; name = Base; path = Base.lproj/Main.storyboard; sourceTree = "<group>"; };
		3C63CA5C29145F4C00F3B654 /* Assets.xcassets */ = {isa = PBXFileReference; lastKnownFileType = folder.assetcatalog; path = Assets.xcassets; sourceTree = "<group>"; };
		3C63CA5F29145F4C00F3B654 /* Base */ = {isa = PBXFileReference; lastKnownFileType = file.storyboard; name = Base; path = Base.lproj/LaunchScreen.storyboard; sourceTree = "<group>"; };
		3C63CA6129145F4C00F3B654 /* Info.plist */ = {isa = PBXFileReference; lastKnownFileType = text.plist.xml; path = Info.plist; sourceTree = "<group>"; };
		3CF6F4B229257A86008C5C85 /* TableViewCell.swift */ = {isa = PBXFileReference; lastKnownFileType = sourcecode.swift; path = TableViewCell.swift; sourceTree = "<group>"; };
/* End PBXFileReference section */

/* Begin PBXFrameworksBuildPhase section */
		3C63CA4D29145F4800F3B654 /* Frameworks */ = {
			isa = PBXFrameworksBuildPhase;
			buildActionMask = 2147483647;
			files = (
			);
			runOnlyForDeploymentPostprocessing = 0;
		};
/* End PBXFrameworksBuildPhase section */

/* Begin PBXGroup section */
		3C63CA4729145F4700F3B654 = {
			isa = PBXGroup;
			children = (
				3C63CA5229145F4800F3B654 /* Proyecto Swift Sebas */,
				3C63CA5129145F4800F3B654 /* Products */,
			);
			sourceTree = "<group>";
		};
		3C63CA5129145F4800F3B654 /* Products */ = {
			isa = PBXGroup;
			children = (
				3C63CA5029145F4800F3B654 /* Proyecto Swift Sebas.app */,
			);
			name = Products;
			sourceTree = "<group>";
		};
		3C63CA5229145F4800F3B654 /* Proyecto Swift Sebas */ = {
			isa = PBXGroup;
			children = (
				3C63CA5329145F4800F3B654 /* AppDelegate.swift */,
				3C63CA5529145F4800F3B654 /* SceneDelegate.swift */,
				3C63CA5729145F4800F3B654 /* ViewController.swift */,
				3CF6F4B229257A86008C5C85 /* TableViewCell.swift */,
				3C63CA5929145F4800F3B654 /* Main.storyboard */,
				3C280000291D976B009D8C73 /* TableViewControllerFotos.swift */,
				3C63CA5C29145F4C00F3B654 /* Assets.xcassets */,
				3C63CA5E29145F4C00F3B654 /* LaunchScreen.storyboard */,
				3C63CA6129145F4C00F3B654 /* Info.plist */,
			);
			path = "Proyecto Swift Sebas";
			sourceTree = "<group>";
		};
/* End PBXGroup section */

/* Begin PBXNativeTarget section */
		3C63CA4F29145F4800F3B654 /* Proyecto Swift Sebas */ = {
			isa = PBXNativeTarget;
			buildConfigurationList = 3C63CA6429145F4C00F3B654 /* Build configuration list for PBXNativeTarget "Proyecto Swift Sebas" */;
			buildPhases = (
				3C63CA4C29145F4800F3B654 /* Sources */,
				3C63CA4D29145F4800F3B654 /* Frameworks */,
				3C63CA4E29145F4800F3B654 /* Resources */,
			);
			buildRules = (
			);
			dependencies = (
			);
			name = "Proyecto Swift Sebas";
			productName = "Proyecto Swift Sebas";
			productReference = 3C63CA5029145F4800F3B654 /* Proyecto Swift Sebas.app */;
			productType = "com.apple.product-type.application";
		};
/* End PBXNativeTarget section */

/* Begin PBXProject section */
		3C63CA4829145F4700F3B654 /* Project object */ = {
			isa = PBXProject;
			attributes = {
				BuildIndependentTargetsInParallel = 1;
				LastSwiftUpdateCheck = 1340;
				LastUpgradeCheck = 1340;
				TargetAttributes = {
					3C63CA4F29145F4800F3B654 = {
						CreatedOnToolsVersion = 13.4.1;
					};
				};
			};
			buildConfigurationList = 3C63CA4B29145F4800F3B654 /* Build configuration list for PBXProject "Proyecto Swift Sebas" */;
			compatibilityVersion = "Xcode 13.0";
			developmentRegion = en;
			hasScannedForEncodings = 0;
			knownRegions = (
				en,
				Base,
			);
			mainGroup = 3C63CA4729145F4700F3B654;
			productRefGroup = 3C63CA5129145F4800F3B654 /* Products */;
			projectDirPath = "";
			projectRoot = "";
			targets = (
				3C63CA4F29145F4800F3B654 /* Proyecto Swift Sebas */,
			);
		};
/* End PBXProject section */

/* Begin PBXResourcesBuildPhase section */
		3C63CA4E29145F4800F3B654 /* Resources */ = {
			isa = PBXResourcesBuildPhase;
			buildActionMask = 2147483647;
			files = (
				3C63CA6029145F4C00F3B654 /* LaunchScreen.storyboard in Resources */,
				3C63CA5D29145F4C00F3B654 /* Assets.xcassets in Resources */,
				3C63CA5B29145F4800F3B654 /* Main.storyboard in Resources */,
			);
			runOnlyForDeploymentPostprocessing = 0;
		};
/* End PBXResourcesBuildPhase section */

/* Begin PBXSourcesBuildPhase section */
		3C63CA4C29145F4800F3B654 /* Sources */ = {
			isa = PBXSourcesBuildPhase;
			buildActionMask = 2147483647;
			files = (
				3CF6F4B329257A86008C5C85 /* TableViewCell.swift in Sources */,
				3C63CA5829145F4800F3B654 /* ViewController.swift in Sources */,
				3C63CA5429145F4800F3B654 /* AppDelegate.swift in Sources */,
				3C63CA5629145F4800F3B654 /* SceneDelegate.swift in Sources */,
				3C280001291D976B009D8C73 /* TableViewControllerFotos.swift in Sources */,
			);
			runOnlyForDeploymentPostprocessing = 0;
		};
/* End PBXSourcesBuildPhase section */

/* Begin PBXVariantGroup section */
		3C63CA5929145F4800F3B654 /* Main.storyboard */ = {
			isa = PBXVariantGroup;
			children = (
				3C63CA5A29145F4800F3B654 /* Base */,
			);
			name = Main.storyboard;
			sourceTree = "<group>";
		};
		3C63CA5E29145F4C00F3B654 /* LaunchScreen.storyboard */ = {
			isa = PBXVariantGroup;
			children = (
				3C63CA5F29145F4C00F3B654 /* Base */,
			);
			name = LaunchScreen.storyboard;
			sourceTree = "<group>";
		};
/* End PBXVariantGroup section */

/* Begin XCBuildConfiguration section */
		3C63CA6229145F4C00F3B654 /* Debug */ = {
			isa = XCBuildConfiguration;
			buildSettings = {
				ALWAYS_SEARCH_USER_PATHS = NO;
				CLANG_ANALYZER_NONNULL = YES;
				CLANG_ANALYZER_NUMBER_OBJECT_CONVERSION = YES_AGGRESSIVE;
				CLANG_CXX_LANGUAGE_STANDARD = "gnu++17";
				CLANG_ENABLE_MODULES = YES;
				CLANG_ENABLE_OBJC_ARC = YES;
				CLANG_ENABLE_OBJC_WEAK = YES;
				CLANG_WARN_BLOCK_CAPTURE_AUTORELEASING = YES;
				CLANG_WARN_BOOL_CONVERSION = YES;
				CLANG_WARN_COMMA = YES;
				CLANG_WARN_CONSTANT_CONVERSION = YES;
				CLANG_WARN_DEPRECATED_OBJC_IMPLEMENTATIONS = YES;
				CLANG_WARN_DIRECT_OBJC_ISA_USAGE = YES_ERROR;
				CLANG_WARN_DOCUMENTATION_COMMENTS = YES;
				CLANG_WARN_EMPTY_BODY = YES;
				CLANG_WARN_ENUM_CONVERSION = YES;
				CLANG_WARN_INFINITE_RECURSION = YES;
				CLANG_WARN_INT_CONVERSION = YES;
				CLANG_WARN_NON_LITERAL_NULL_CONVERSION = YES;
				CLANG_WARN_OBJC_IMPLICIT_RETAIN_SELF = YES;
				CLANG_WARN_OBJC_LITERAL_CONVERSION = YES;
				CLANG_WARN_OBJC_ROOT_CLASS = YES_ERROR;
				CLANG_WARN_QUOTED_INCLUDE_IN_FRAMEWORK_HEADER = YES;
				CLANG_WARN_RANGE_LOOP_ANALYSIS = YES;
				CLANG_WARN_STRICT_PROTOTYPES = YES;
				CLANG_WARN_SUSPICIOUS_MOVE = YES;
				CLANG_WARN_UNGUARDED_AVAILABILITY = YES_AGGRESSIVE;
				CLANG_WARN_UNREACHABLE_CODE = YES;
				CLANG_WARN__DUPLICATE_METHOD_MATCH = YES;
				COPY_PHASE_STRIP = NO;
				DEBUG_INFORMATION_FORMAT = dwarf;
				ENABLE_STRICT_OBJC_MSGSEND = YES;
				ENABLE_TESTABILITY = YES;
				GCC_C_LANGUAGE_STANDARD = gnu11;
				GCC_DYNAMIC_NO_PIC = NO;
				GCC_NO_COMMON_BLOCKS = YES;
				GCC_OPTIMIZATION_LEVEL = 0;
				GCC_PREPROCESSOR_DEFINITIONS = (
					"DEBUG=1",
					"$(inherited)",
				);
				GCC_WARN_64_TO_32_BIT_CONVERSION = YES;
				GCC_WARN_ABOUT_RETURN_TYPE = YES_ERROR;
				GCC_WARN_UNDECLARED_SELECTOR = YES;
				GCC_WARN_UNINITIALIZED_AUTOS = YES_AGGRESSIVE;
				GCC_WARN_UNUSED_FUNCTION = YES;
				GCC_WARN_UNUSED_VARIABLE = YES;
				IPHONEOS_DEPLOYMENT_TARGET = 15.5;
				MTL_ENABLE_DEBUG_INFO = INCLUDE_SOURCE;
				MTL_FAST_MATH = YES;
				ONLY_ACTIVE_ARCH = YES;
				SDKROOT = iphoneos;
				SWIFT_ACTIVE_COMPILATION_CONDITIONS = DEBUG;
				SWIFT_OPTIMIZATION_LEVEL = "-Onone";
			};
			name = Debug;
		};
		3C63CA6329145F4C00F3B654 /* Release */ = {
			isa = XCBuildConfiguration;
			buildSettings = {
				ALWAYS_SEARCH_USER_PATHS = NO;
				CLANG_ANALYZER_NONNULL = YES;
				CLANG_ANALYZER_NUMBER_OBJECT_CONVERSION = YES_AGGRESSIVE;
				CLANG_CXX_LANGUAGE_STANDARD = "gnu++17";
				CLANG_ENABLE_MODULES = YES;
				CLANG_ENABLE_OBJC_ARC = YES;
				CLANG_ENABLE_OBJC_WEAK = YES;
				CLANG_WARN_BLOCK_CAPTURE_AUTORELEASING = YES;
				CLANG_WARN_BOOL_CONVERSION = YES;
				CLANG_WARN_COMMA = YES;
				CLANG_WARN_CONSTANT_CONVERSION = YES;
				CLANG_WARN_DEPRECATED_OBJC_IMPLEMENTATIONS = YES;
				CLANG_WARN_DIRECT_OBJC_ISA_USAGE = YES_ERROR;
				CLANG_WARN_DOCUMENTATION_COMMENTS = YES;
				CLANG_WARN_EMPTY_BODY = YES;
				CLANG_WARN_ENUM_CONVERSION = YES;
				CLANG_WARN_INFINITE_RECURSION = YES;
				CLANG_WARN_INT_CONVERSION = YES;
				CLANG_WARN_NON_LITERAL_NULL_CONVERSION = YES;
				CLANG_WARN_OBJC_IMPLICIT_RETAIN_SELF = YES;
				CLANG_WARN_OBJC_LITERAL_CONVERSION = YES;
				CLANG_WARN_OBJC_ROOT_CLASS = YES_ERROR;
				CLANG_WARN_QUOTED_INCLUDE_IN_FRAMEWORK_HEADER = YES;
				CLANG_WARN_RANGE_LOOP_ANALYSIS = YES;
				CLANG_WARN_STRICT_PROTOTYPES = YES;
				CLANG_WARN_SUSPICIOUS_MOVE = YES;
				CLANG_WARN_UNGUARDED_AVAILABILITY = YES_AGGRESSIVE;
				CLANG_WARN_UNREACHABLE_CODE = YES;
				CLANG_WARN__DUPLICATE_METHOD_MATCH = YES;
				COPY_PHASE_STRIP = NO;
				DEBUG_INFORMATION_FORMAT = "dwarf-with-dsym";
				ENABLE_NS_ASSERTIONS = NO;
				ENABLE_STRICT_OBJC_MSGSEND = YES;
				GCC_C_LANGUAGE_STANDARD = gnu11;
				GCC_NO_COMMON_BLOCKS = YES;
				GCC_WARN_64_TO_32_BIT_CONVERSION = YES;
				GCC_WARN_ABOUT_RETURN_TYPE = YES_ERROR;
				GCC_WARN_UNDECLARED_SELECTOR = YES;
				GCC_WARN_UNINITIALIZED_AUTOS = YES_AGGRESSIVE;
				GCC_WARN_UNUSED_FUNCTION = YES;
				GCC_WARN_UNUSED_VARIABLE = YES;
				IPHONEOS_DEPLOYMENT_TARGET = 15.5;
				MTL_ENABLE_DEBUG_INFO = NO;
				MTL_FAST_MATH = YES;
				SDKROOT = iphoneos;
				SWIFT_COMPILATION_MODE = wholemodule;
				SWIFT_OPTIMIZATION_LEVEL = "-O";
				VALIDATE_PRODUCT = YES;
			};
			name = Release;
		};
		3C63CA6529145F4C00F3B654 /* Debug */ = {
			isa = XCBuildConfiguration;
			buildSettings = {
				ASSETCATALOG_COMPILER_APPICON_NAME = AppIcon;
				ASSETCATALOG_COMPILER_GLOBAL_ACCENT_COLOR_NAME = AccentColor;
				CODE_SIGN_STYLE = Automatic;
				CURRENT_PROJECT_VERSION = 1;
				DEVELOPMENT_TEAM = 5QX775TVD8;
				GENERATE_INFOPLIST_FILE = YES;
				INFOPLIST_FILE = "Proyecto Swift Sebas/Info.plist";
				INFOPLIST_KEY_UIApplicationSupportsIndirectInputEvents = YES;
				INFOPLIST_KEY_UILaunchStoryboardName = LaunchScreen;
				INFOPLIST_KEY_UIMainStoryboardFile = Main;
				INFOPLIST_KEY_UISupportedInterfaceOrientations_iPad = "UIInterfaceOrientationPortrait UIInterfaceOrientationPortraitUpsideDown UIInterfaceOrientationLandscapeLeft UIInterfaceOrientationLandscapeRight";
				INFOPLIST_KEY_UISupportedInterfaceOrientations_iPhone = "UIInterfaceOrientationPortrait UIInterfaceOrientationLandscapeLeft UIInterfaceOrientationLandscapeRight";
				LD_RUNPATH_SEARCH_PATHS = (
					"$(inherited)",
					"@executable_path/Frameworks",
				);
				MARKETING_VERSION = 1.0;
				PRODUCT_BUNDLE_IDENTIFIER = "a.Proyecto-Swift-Sebas";
				PRODUCT_NAME = "$(TARGET_NAME)";
				SWIFT_EMIT_LOC_STRINGS = YES;
				SWIFT_VERSION = 5.0;
				TARGETED_DEVICE_FAMILY = "1,2";
			};
			name = Debug;
		};
		3C63CA6629145F4C00F3B654 /* Release */ = {
			isa = XCBuildConfiguration;
			buildSettings = {
				ASSETCATALOG_COMPILER_APPICON_NAME = AppIcon;
				ASSETCATALOG_COMPILER_GLOBAL_ACCENT_COLOR_NAME = AccentColor;
				CODE_SIGN_STYLE = Automatic;
				CURRENT_PROJECT_VERSION = 1;
				DEVELOPMENT_TEAM = 5QX775TVD8;
				GENERATE_INFOPLIST_FILE = YES;
				INFOPLIST_FILE = "Proyecto Swift Sebas/Info.plist";
				INFOPLIST_KEY_UIApplicationSupportsIndirectInputEvents = YES;
				INFOPLIST_KEY_UILaunchStoryboardName = LaunchScreen;
				INFOPLIST_KEY_UIMainStoryboardFile = Main;
				INFOPLIST_KEY_UISupportedInterfaceOrientations_iPad = "UIInterfaceOrientationPortrait UIInterfaceOrientationPortraitUpsideDown UIInterfaceOrientationLandscapeLeft UIInterfaceOrientationLandscapeRight";
				INFOPLIST_KEY_UISupportedInterfaceOrientations_iPhone = "UIInterfaceOrientationPortrait UIInterfaceOrientationLandscapeLeft UIInterfaceOrientationLandscapeRight";
				LD_RUNPATH_SEARCH_PATHS = (
					"$(inherited)",
					"@executable_path/Frameworks",
				);
				MARKETING_VERSION = 1.0;
				PRODUCT_BUNDLE_IDENTIFIER = "a.Proyecto-Swift-Sebas";
				PRODUCT_NAME = "$(TARGET_NAME)";
				SWIFT_EMIT_LOC_STRINGS = YES;
				SWIFT_VERSION = 5.0;
				TARGETED_DEVICE_FAMILY = "1,2";
			};
			name = Release;
		};
/* End XCBuildConfiguration section */

/* Begin XCConfigurationList section */
		3C63CA4B29145F4800F3B654 /* Build configuration list for PBXProject "Proyecto Swift Sebas" */ = {
			isa = XCConfigurationList;
			buildConfigurations = (
				3C63CA6229145F4C00F3B654 /* Debug */,
				3C63CA6329145F4C00F3B654 /* Release */,
			);
			defaultConfigurationIsVisible = 0;
			defaultConfigurationName = Release;
		};
		3C63CA6429145F4C00F3B654 /* Build configuration list for PBXNativeTarget "Proyecto Swift Sebas" */ = {
			isa = XCConfigurationList;
			buildConfigurations = (
				3C63CA6529145F4C00F3B654 /* Debug */,
				3C63CA6629145F4C00F3B654 /* Release */,
			);
			defaultConfigurationIsVisible = 0;
			defaultConfigurationName = Release;
		};
/* End XCConfigurationList section */
	};
	rootObject = 3C63CA4829145F4700F3B654 /* Project object */;
}
