// !$*UTF8*$!
{
	archiveVersion = 1;
	classes = {
	};
	objectVersion = 56;
	objects = {

/* Begin PBXBuildFile section */
		19285AEF2979D8D9007F4F46 /* tablaDiscos.swift in Sources */ = {isa = PBXBuildFile; fileRef = 19285AEE2979D8D9007F4F46 /* tablaDiscos.swift */; };
		19285AF12979D9ED007F4F46 /* celdaDisco.swift in Sources */ = {isa = PBXBuildFile; fileRef = 19285AF02979D9ED007F4F46 /* celdaDisco.swift */; };
		19DCF2B6296F4FBC003690EC /* AppDelegate.swift in Sources */ = {isa = PBXBuildFile; fileRef = 19DCF2B5296F4FBC003690EC /* AppDelegate.swift */; };
		19DCF2B8296F4FBC003690EC /* SceneDelegate.swift in Sources */ = {isa = PBXBuildFile; fileRef = 19DCF2B7296F4FBC003690EC /* SceneDelegate.swift */; };
		19DCF2BA296F4FBC003690EC /* ViewController.swift in Sources */ = {isa = PBXBuildFile; fileRef = 19DCF2B9296F4FBC003690EC /* ViewController.swift */; };
		19DCF2BD296F4FBC003690EC /* Main.storyboard in Resources */ = {isa = PBXBuildFile; fileRef = 19DCF2BB296F4FBC003690EC /* Main.storyboard */; };
		19DCF2BF296F4FBD003690EC /* Assets.xcassets in Resources */ = {isa = PBXBuildFile; fileRef = 19DCF2BE296F4FBD003690EC /* Assets.xcassets */; };
		19DCF2C2296F4FBD003690EC /* LaunchScreen.storyboard in Resources */ = {isa = PBXBuildFile; fileRef = 19DCF2C0296F4FBD003690EC /* LaunchScreen.storyboard */; };
/* End PBXBuildFile section */

/* Begin PBXFileReference section */
		19285AEE2979D8D9007F4F46 /* tablaDiscos.swift */ = {isa = PBXFileReference; lastKnownFileType = sourcecode.swift; path = tablaDiscos.swift; sourceTree = "<group>"; };
		19285AF02979D9ED007F4F46 /* celdaDisco.swift */ = {isa = PBXFileReference; lastKnownFileType = sourcecode.swift; path = celdaDisco.swift; sourceTree = "<group>"; };
		19DCF2B2296F4FBC003690EC /* CursoInter.app */ = {isa = PBXFileReference; explicitFileType = wrapper.application; includeInIndex = 0; path = CursoInter.app; sourceTree = BUILT_PRODUCTS_DIR; };
		19DCF2B5296F4FBC003690EC /* AppDelegate.swift */ = {isa = PBXFileReference; lastKnownFileType = sourcecode.swift; path = AppDelegate.swift; sourceTree = "<group>"; };
		19DCF2B7296F4FBC003690EC /* SceneDelegate.swift */ = {isa = PBXFileReference; lastKnownFileType = sourcecode.swift; path = SceneDelegate.swift; sourceTree = "<group>"; };
		19DCF2B9296F4FBC003690EC /* ViewController.swift */ = {isa = PBXFileReference; lastKnownFileType = sourcecode.swift; path = ViewController.swift; sourceTree = "<group>"; };
		19DCF2BC296F4FBC003690EC /* Base */ = {isa = PBXFileReference; lastKnownFileType = file.storyboard; name = Base; path = Base.lproj/Main.storyboard; sourceTree = "<group>"; };
		19DCF2BE296F4FBD003690EC /* Assets.xcassets */ = {isa = PBXFileReference; lastKnownFileType = folder.assetcatalog; path = Assets.xcassets; sourceTree = "<group>"; };
		19DCF2C1296F4FBD003690EC /* Base */ = {isa = PBXFileReference; lastKnownFileType = file.storyboard; name = Base; path = Base.lproj/LaunchScreen.storyboard; sourceTree = "<group>"; };
		19DCF2C3296F4FBD003690EC /* Info.plist */ = {isa = PBXFileReference; lastKnownFileType = text.plist.xml; path = Info.plist; sourceTree = "<group>"; };
/* End PBXFileReference section */

/* Begin PBXFrameworksBuildPhase section */
		19DCF2AF296F4FBC003690EC /* Frameworks */ = {
			isa = PBXFrameworksBuildPhase;
			buildActionMask = 2147483647;
			files = (
			);
			runOnlyForDeploymentPostprocessing = 0;
		};
/* End PBXFrameworksBuildPhase section */

/* Begin PBXGroup section */
		19DCF2A9296F4FBC003690EC = {
			isa = PBXGroup;
			children = (
				19DCF2B4296F4FBC003690EC /* CursoInter */,
				19DCF2B3296F4FBC003690EC /* Products */,
			);
			sourceTree = "<group>";
		};
		19DCF2B3296F4FBC003690EC /* Products */ = {
			isa = PBXGroup;
			children = (
				19DCF2B2296F4FBC003690EC /* CursoInter.app */,
			);
			name = Products;
			sourceTree = "<group>";
		};
		19DCF2B4296F4FBC003690EC /* CursoInter */ = {
			isa = PBXGroup;
			children = (
				19DCF2B5296F4FBC003690EC /* AppDelegate.swift */,
				19DCF2B7296F4FBC003690EC /* SceneDelegate.swift */,
				19DCF2B9296F4FBC003690EC /* ViewController.swift */,
				19285AEE2979D8D9007F4F46 /* tablaDiscos.swift */,
				19285AF02979D9ED007F4F46 /* celdaDisco.swift */,
				19DCF2BB296F4FBC003690EC /* Main.storyboard */,
				19DCF2BE296F4FBD003690EC /* Assets.xcassets */,
				19DCF2C0296F4FBD003690EC /* LaunchScreen.storyboard */,
				19DCF2C3296F4FBD003690EC /* Info.plist */,
			);
			path = CursoInter;
			sourceTree = "<group>";
		};
/* End PBXGroup section */

/* Begin PBXNativeTarget section */
		19DCF2B1296F4FBC003690EC /* CursoInter */ = {
			isa = PBXNativeTarget;
			buildConfigurationList = 19DCF2C6296F4FBD003690EC /* Build configuration list for PBXNativeTarget "CursoInter" */;
			buildPhases = (
				19DCF2AE296F4FBC003690EC /* Sources */,
				19DCF2AF296F4FBC003690EC /* Frameworks */,
				19DCF2B0296F4FBC003690EC /* Resources */,
			);
			buildRules = (
			);
			dependencies = (
			);
			name = CursoInter;
			productName = CursoInter;
			productReference = 19DCF2B2296F4FBC003690EC /* CursoInter.app */;
			productType = "com.apple.product-type.application";
		};
/* End PBXNativeTarget section */

/* Begin PBXProject section */
		19DCF2AA296F4FBC003690EC /* Project object */ = {
			isa = PBXProject;
			attributes = {
				BuildIndependentTargetsInParallel = 1;
				LastSwiftUpdateCheck = 1410;
				LastUpgradeCheck = 1410;
				TargetAttributes = {
					19DCF2B1296F4FBC003690EC = {
						CreatedOnToolsVersion = 14.1;
					};
				};
			};
			buildConfigurationList = 19DCF2AD296F4FBC003690EC /* Build configuration list for PBXProject "CursoInter" */;
			compatibilityVersion = "Xcode 14.0";
			developmentRegion = en;
			hasScannedForEncodings = 0;
			knownRegions = (
				en,
				Base,
			);
			mainGroup = 19DCF2A9296F4FBC003690EC;
			productRefGroup = 19DCF2B3296F4FBC003690EC /* Products */;
			projectDirPath = "";
			projectRoot = "";
			targets = (
				19DCF2B1296F4FBC003690EC /* CursoInter */,
			);
		};
/* End PBXProject section */

/* Begin PBXResourcesBuildPhase section */
		19DCF2B0296F4FBC003690EC /* Resources */ = {
			isa = PBXResourcesBuildPhase;
			buildActionMask = 2147483647;
			files = (
				19DCF2C2296F4FBD003690EC /* LaunchScreen.storyboard in Resources */,
				19DCF2BF296F4FBD003690EC /* Assets.xcassets in Resources */,
				19DCF2BD296F4FBC003690EC /* Main.storyboard in Resources */,
			);
			runOnlyForDeploymentPostprocessing = 0;
		};
/* End PBXResourcesBuildPhase section */

/* Begin PBXSourcesBuildPhase section */
		19DCF2AE296F4FBC003690EC /* Sources */ = {
			isa = PBXSourcesBuildPhase;
			buildActionMask = 2147483647;
			files = (
				19DCF2BA296F4FBC003690EC /* ViewController.swift in Sources */,
				19285AEF2979D8D9007F4F46 /* tablaDiscos.swift in Sources */,
				19DCF2B6296F4FBC003690EC /* AppDelegate.swift in Sources */,
				19285AF12979D9ED007F4F46 /* celdaDisco.swift in Sources */,
				19DCF2B8296F4FBC003690EC /* SceneDelegate.swift in Sources */,
			);
			runOnlyForDeploymentPostprocessing = 0;
		};
/* End PBXSourcesBuildPhase section */

/* Begin PBXVariantGroup section */
		19DCF2BB296F4FBC003690EC /* Main.storyboard */ = {
			isa = PBXVariantGroup;
			children = (
				19DCF2BC296F4FBC003690EC /* Base */,
			);
			name = Main.storyboard;
			sourceTree = "<group>";
		};
		19DCF2C0296F4FBD003690EC /* LaunchScreen.storyboard */ = {
			isa = PBXVariantGroup;
			children = (
				19DCF2C1296F4FBD003690EC /* Base */,
			);
			name = LaunchScreen.storyboard;
			sourceTree = "<group>";
		};
/* End PBXVariantGroup section */

/* Begin XCBuildConfiguration section */
		19DCF2C4296F4FBD003690EC /* Debug */ = {
			isa = XCBuildConfiguration;
			buildSettings = {
				ALWAYS_SEARCH_USER_PATHS = NO;
				CLANG_ANALYZER_NONNULL = YES;
				CLANG_ANALYZER_NUMBER_OBJECT_CONVERSION = YES_AGGRESSIVE;
				CLANG_CXX_LANGUAGE_STANDARD = "gnu++20";
				CLANG_ENABLE_MODULES = YES;
				CLANG_ENABLE_OBJC_ARC = YES;
				CLANG_ENABLE_OBJC_WEAK = YES;
				CLANG_WARN_BLOCK_CAPTURE_AUTORELEASING = YES;
				CLANG_WARN_BOOL_CONVERSION = YES;
				CLANG_WARN_COMMA = YES;
				CLANG_WARN_CONSTANT_CONVERSION = YES;
				CLANG_WARN_DEPRECATED_OBJC_IMPLEMENTATIONS = YES;
				CLANG_WARN_DIRECT_OBJC_ISA_USAGE = YES_ERROR;
				CLANG_WARN_DOCUMENTATION_COMMENTS = YES;
				CLANG_WARN_EMPTY_BODY = YES;
				CLANG_WARN_ENUM_CONVERSION = YES;
				CLANG_WARN_INFINITE_RECURSION = YES;
				CLANG_WARN_INT_CONVERSION = YES;
				CLANG_WARN_NON_LITERAL_NULL_CONVERSION = YES;
				CLANG_WARN_OBJC_IMPLICIT_RETAIN_SELF = YES;
				CLANG_WARN_OBJC_LITERAL_CONVERSION = YES;
				CLANG_WARN_OBJC_ROOT_CLASS = YES_ERROR;
				CLANG_WARN_QUOTED_INCLUDE_IN_FRAMEWORK_HEADER = YES;
				CLANG_WARN_RANGE_LOOP_ANALYSIS = YES;
				CLANG_WARN_STRICT_PROTOTYPES = YES;
				CLANG_WARN_SUSPICIOUS_MOVE = YES;
				CLANG_WARN_UNGUARDED_AVAILABILITY = YES_AGGRESSIVE;
				CLANG_WARN_UNREACHABLE_CODE = YES;
				CLANG_WARN__DUPLICATE_METHOD_MATCH = YES;
				COPY_PHASE_STRIP = NO;
				DEBUG_INFORMATION_FORMAT = dwarf;
				ENABLE_STRICT_OBJC_MSGSEND = YES;
				ENABLE_TESTABILITY = YES;
				GCC_C_LANGUAGE_STANDARD = gnu11;
				GCC_DYNAMIC_NO_PIC = NO;
				GCC_NO_COMMON_BLOCKS = YES;
				GCC_OPTIMIZATION_LEVEL = 0;
				GCC_PREPROCESSOR_DEFINITIONS = (
					"DEBUG=1",
					"$(inherited)",
				);
				GCC_WARN_64_TO_32_BIT_CONVERSION = YES;
				GCC_WARN_ABOUT_RETURN_TYPE = YES_ERROR;
				GCC_WARN_UNDECLARED_SELECTOR = YES;
				GCC_WARN_UNINITIALIZED_AUTOS = YES_AGGRESSIVE;
				GCC_WARN_UNUSED_FUNCTION = YES;
				GCC_WARN_UNUSED_VARIABLE = YES;
				IPHONEOS_DEPLOYMENT_TARGET = 15.1;
				MTL_ENABLE_DEBUG_INFO = INCLUDE_SOURCE;
				MTL_FAST_MATH = YES;
				ONLY_ACTIVE_ARCH = YES;
				SDKROOT = iphoneos;
				SWIFT_ACTIVE_COMPILATION_CONDITIONS = DEBUG;
				SWIFT_OPTIMIZATION_LEVEL = "-Onone";
			};
			name = Debug;
		};
		19DCF2C5296F4FBD003690EC /* Release */ = {
			isa = XCBuildConfiguration;
			buildSettings = {
				ALWAYS_SEARCH_USER_PATHS = NO;
				CLANG_ANALYZER_NONNULL = YES;
				CLANG_ANALYZER_NUMBER_OBJECT_CONVERSION = YES_AGGRESSIVE;
				CLANG_CXX_LANGUAGE_STANDARD = "gnu++20";
				CLANG_ENABLE_MODULES = YES;
				CLANG_ENABLE_OBJC_ARC = YES;
				CLANG_ENABLE_OBJC_WEAK = YES;
				CLANG_WARN_BLOCK_CAPTURE_AUTORELEASING = YES;
				CLANG_WARN_BOOL_CONVERSION = YES;
				CLANG_WARN_COMMA = YES;
				CLANG_WARN_CONSTANT_CONVERSION = YES;
				CLANG_WARN_DEPRECATED_OBJC_IMPLEMENTATIONS = YES;
				CLANG_WARN_DIRECT_OBJC_ISA_USAGE = YES_ERROR;
				CLANG_WARN_DOCUMENTATION_COMMENTS = YES;
				CLANG_WARN_EMPTY_BODY = YES;
				CLANG_WARN_ENUM_CONVERSION = YES;
				CLANG_WARN_INFINITE_RECURSION = YES;
				CLANG_WARN_INT_CONVERSION = YES;
				CLANG_WARN_NON_LITERAL_NULL_CONVERSION = YES;
				CLANG_WARN_OBJC_IMPLICIT_RETAIN_SELF = YES;
				CLANG_WARN_OBJC_LITERAL_CONVERSION = YES;
				CLANG_WARN_OBJC_ROOT_CLASS = YES_ERROR;
				CLANG_WARN_QUOTED_INCLUDE_IN_FRAMEWORK_HEADER = YES;
				CLANG_WARN_RANGE_LOOP_ANALYSIS = YES;
				CLANG_WARN_STRICT_PROTOTYPES = YES;
				CLANG_WARN_SUSPICIOUS_MOVE = YES;
				CLANG_WARN_UNGUARDED_AVAILABILITY = YES_AGGRESSIVE;
				CLANG_WARN_UNREACHABLE_CODE = YES;
				CLANG_WARN__DUPLICATE_METHOD_MATCH = YES;
				COPY_PHASE_STRIP = NO;
				DEBUG_INFORMATION_FORMAT = "dwarf-with-dsym";
				ENABLE_NS_ASSERTIONS = NO;
				ENABLE_STRICT_OBJC_MSGSEND = YES;
				GCC_C_LANGUAGE_STANDARD = gnu11;
				GCC_NO_COMMON_BLOCKS = YES;
				GCC_WARN_64_TO_32_BIT_CONVERSION = YES;
				GCC_WARN_ABOUT_RETURN_TYPE = YES_ERROR;
				GCC_WARN_UNDECLARED_SELECTOR = YES;
				GCC_WARN_UNINITIALIZED_AUTOS = YES_AGGRESSIVE;
				GCC_WARN_UNUSED_FUNCTION = YES;
				GCC_WARN_UNUSED_VARIABLE = YES;
				IPHONEOS_DEPLOYMENT_TARGET = 15.1;
				MTL_ENABLE_DEBUG_INFO = NO;
				MTL_FAST_MATH = YES;
				SDKROOT = iphoneos;
				SWIFT_COMPILATION_MODE = wholemodule;
				SWIFT_OPTIMIZATION_LEVEL = "-O";
				VALIDATE_PRODUCT = YES;
			};
			name = Release;
		};
		19DCF2C7296F4FBD003690EC /* Debug */ = {
			isa = XCBuildConfiguration;
			buildSettings = {
				ASSETCATALOG_COMPILER_APPICON_NAME = AppIcon;
				ASSETCATALOG_COMPILER_GLOBAL_ACCENT_COLOR_NAME = AccentColor;
				CODE_SIGN_STYLE = Automatic;
				CURRENT_PROJECT_VERSION = 1;
				DEVELOPMENT_TEAM = G5SASMG9Q9;
				GENERATE_INFOPLIST_FILE = YES;
				INFOPLIST_FILE = CursoInter/Info.plist;
				INFOPLIST_KEY_UIApplicationSupportsIndirectInputEvents = YES;
				INFOPLIST_KEY_UILaunchStoryboardName = LaunchScreen;
				INFOPLIST_KEY_UIMainStoryboardFile = Main;
				INFOPLIST_KEY_UISupportedInterfaceOrientations_iPad = "UIInterfaceOrientationPortrait UIInterfaceOrientationPortraitUpsideDown UIInterfaceOrientationLandscapeLeft UIInterfaceOrientationLandscapeRight";
				INFOPLIST_KEY_UISupportedInterfaceOrientations_iPhone = "UIInterfaceOrientationPortrait UIInterfaceOrientationLandscapeLeft UIInterfaceOrientationLandscapeRight";
				IPHONEOS_DEPLOYMENT_TARGET = 15.1;
				LD_RUNPATH_SEARCH_PATHS = (
					"$(inherited)",
					"@executable_path/Frameworks",
				);
				MARKETING_VERSION = 1.0;
				PRODUCT_BUNDLE_IDENTIFIER = "-.CursoInter";
				PRODUCT_NAME = "$(TARGET_NAME)";
				SWIFT_EMIT_LOC_STRINGS = YES;
				SWIFT_VERSION = 5.0;
				TARGETED_DEVICE_FAMILY = "1,2";
			};
			name = Debug;
		};
		19DCF2C8296F4FBD003690EC /* Release */ = {
			isa = XCBuildConfiguration;
			buildSettings = {
				ASSETCATALOG_COMPILER_APPICON_NAME = AppIcon;
				ASSETCATALOG_COMPILER_GLOBAL_ACCENT_COLOR_NAME = AccentColor;
				CODE_SIGN_STYLE = Automatic;
				CURRENT_PROJECT_VERSION = 1;
				DEVELOPMENT_TEAM = G5SASMG9Q9;
				GENERATE_INFOPLIST_FILE = YES;
				INFOPLIST_FILE = CursoInter/Info.plist;
				INFOPLIST_KEY_UIApplicationSupportsIndirectInputEvents = YES;
				INFOPLIST_KEY_UILaunchStoryboardName = LaunchScreen;
				INFOPLIST_KEY_UIMainStoryboardFile = Main;
				INFOPLIST_KEY_UISupportedInterfaceOrientations_iPad = "UIInterfaceOrientationPortrait UIInterfaceOrientationPortraitUpsideDown UIInterfaceOrientationLandscapeLeft UIInterfaceOrientationLandscapeRight";
				INFOPLIST_KEY_UISupportedInterfaceOrientations_iPhone = "UIInterfaceOrientationPortrait UIInterfaceOrientationLandscapeLeft UIInterfaceOrientationLandscapeRight";
				IPHONEOS_DEPLOYMENT_TARGET = 15.1;
				LD_RUNPATH_SEARCH_PATHS = (
					"$(inherited)",
					"@executable_path/Frameworks",
				);
				MARKETING_VERSION = 1.0;
				PRODUCT_BUNDLE_IDENTIFIER = "-.CursoInter";
				PRODUCT_NAME = "$(TARGET_NAME)";
				SWIFT_EMIT_LOC_STRINGS = YES;
				SWIFT_VERSION = 5.0;
				TARGETED_DEVICE_FAMILY = "1,2";
			};
			name = Release;
		};
/* End XCBuildConfiguration section */

/* Begin XCConfigurationList section */
		19DCF2AD296F4FBC003690EC /* Build configuration list for PBXProject "CursoInter" */ = {
			isa = XCConfigurationList;
			buildConfigurations = (
				19DCF2C4296F4FBD003690EC /* Debug */,
				19DCF2C5296F4FBD003690EC /* Release */,
			);
			defaultConfigurationIsVisible = 0;
			defaultConfigurationName = Release;
		};
		19DCF2C6296F4FBD003690EC /* Build configuration list for PBXNativeTarget "CursoInter" */ = {
			isa = XCConfigurationList;
			buildConfigurations = (
				19DCF2C7296F4FBD003690EC /* Debug */,
				19DCF2C8296F4FBD003690EC /* Release */,
			);
			defaultConfigurationIsVisible = 0;
			defaultConfigurationName = Release;
		};
/* End XCConfigurationList section */
	};
	rootObject = 19DCF2AA296F4FBC003690EC /* Project object */;
}
